
Microsoft Visual Studio Solution File, Format Version 12.00
# Visual Studio 15
VisualStudioVersion = 15.0.27130.2026
MinimumVisualStudioVersion = 10.0.40219.1
Project("{FAE04EC0-301F-11D3-BF4B-00C04F79EFBC}") = "Login", "Login\Login.csproj", "{84EBB0F2-805E-48BA-B79E-592C1F037CEB}"
EndProject
Global
	GlobalSection(SolutionConfigurationPlatforms) = preSolution
		Debug|Any CPU = Debug|Any CPU
		Release|Any CPU = Release|Any CPU
	EndGlobalSection
	GlobalSection(ProjectConfigurationPlatforms) = postSolution
		{84EBB0F2-805E-48BA-B79E-592C1F037CEB}.Debug|Any CPU.ActiveCfg = Debug|Any CPU
		{84EBB0F2-805E-48BA-B79E-592C1F037CEB}.Debug|Any CPU.Build.0 = Debug|Any CPU
		{84EBB0F2-805E-48BA-B79E-592C1F037CEB}.Release|Any CPU.ActiveCfg = Release|Any CPU
		{84EBB0F2-805E-48BA-B79E-592C1F037CEB}.Release|Any CPU.Build.0 = Release|Any CPU
	EndGlobalSection
	GlobalSection(SolutionProperties) = preSolution
		HideSolutionNode = FALSE
	EndGlobalSection
	GlobalSection(ExtensibilityGlobals) = postSolution
		SolutionGuid = {FF91B354-E3A6-4716-8408-E30A59E01EE0}
	EndGlobalSection
EndGlobal
